// !$*UTF8*$!
{
	archiveVersion = 1;
	classes = {
	};
	objectVersion = 56;
	objects = {

/* Begin PBXBuildFile section */
		FD107A082B1F51410082CD64 /* CustomModifiers.swift in Sources */ = {isa = PBXBuildFile; fileRef = FD107A072B1F51410082CD64 /* CustomModifiers.swift */; };
		FD1FF2C22B0CB6D2004E7DCB /* OrderItemListCell.swift in Sources */ = {isa = PBXBuildFile; fileRef = FD1FF2C12B0CB6D2004E7DCB /* OrderItemListCell.swift */; };
		FD1FF2C42B0CB894004E7DCB /* NetworkManager.swift in Sources */ = {isa = PBXBuildFile; fileRef = FD1FF2C32B0CB894004E7DCB /* NetworkManager.swift */; };
		FD1FF2C62B0CB9FE004E7DCB /* OIError.swift in Sources */ = {isa = PBXBuildFile; fileRef = FD1FF2C52B0CB9FE004E7DCB /* OIError.swift */; };
		FD26EC672B0FA52E0037B47A /* User.swift in Sources */ = {isa = PBXBuildFile; fileRef = FD26EC662B0FA52E0037B47A /* User.swift */; };
		FD43EC342B0CADA800137643 /* OrderItem.swift in Sources */ = {isa = PBXBuildFile; fileRef = FD43EC332B0CADA800137643 /* OrderItem.swift */; };
		FD744C892B1E513900EE62B8 /* EmptyState.swift in Sources */ = {isa = PBXBuildFile; fileRef = FD744C882B1E513900EE62B8 /* EmptyState.swift */; };
		FD744C8B2B1E554400EE62B8 /* Order.swift in Sources */ = {isa = PBXBuildFile; fileRef = FD744C8A2B1E554400EE62B8 /* Order.swift */; };
		FDB628242B0B837E00124EE1 /* Food_Order_AppListView.swift in Sources */ = {isa = PBXBuildFile; fileRef = FDB628232B0B837E00124EE1 /* Food_Order_AppListView.swift */; };
		FDB628262B0B839100124EE1 /* AccountView.swift in Sources */ = {isa = PBXBuildFile; fileRef = FDB628252B0B839100124EE1 /* AccountView.swift */; };
		FDB628282B0B83A700124EE1 /* OrderView.swift in Sources */ = {isa = PBXBuildFile; fileRef = FDB628272B0B83A700124EE1 /* OrderView.swift */; };
		FDD9D0942B0B818F009AE601 /* Food_Order_AppApp.swift in Sources */ = {isa = PBXBuildFile; fileRef = FDD9D0932B0B818F009AE601 /* Food_Order_AppApp.swift */; };
		FDD9D0962B0B818F009AE601 /* Food_Order_AppTabView.swift in Sources */ = {isa = PBXBuildFile; fileRef = FDD9D0952B0B818F009AE601 /* Food_Order_AppTabView.swift */; };
		FDD9D0982B0B8190009AE601 /* Assets.xcassets in Resources */ = {isa = PBXBuildFile; fileRef = FDD9D0972B0B8190009AE601 /* Assets.xcassets */; };
		FDD9D09B2B0B8190009AE601 /* Preview Assets.xcassets in Resources */ = {isa = PBXBuildFile; fileRef = FDD9D09A2B0B8190009AE601 /* Preview Assets.xcassets */; };
		FDFEB3A52B0F51E2001AB5E8 /* OIButton.swift in Sources */ = {isa = PBXBuildFile; fileRef = FDFEB3A42B0F51E2001AB5E8 /* OIButton.swift */; };
		FDFEB3A72B0F52DF001AB5E8 /* XDismissedButton.swift in Sources */ = {isa = PBXBuildFile; fileRef = FDFEB3A62B0F52DF001AB5E8 /* XDismissedButton.swift */; };
		FDFEB3A92B0F6BF9001AB5E8 /* AccountViewModel.swift in Sources */ = {isa = PBXBuildFile; fileRef = FDFEB3A82B0F6BF9001AB5E8 /* AccountViewModel.swift */; };
		FDFEB3AB2B0F6D76001AB5E8 /* String+Ext.swift in Sources */ = {isa = PBXBuildFile; fileRef = FDFEB3AA2B0F6D76001AB5E8 /* String+Ext.swift */; };
		FDFF2FE12B0DEF0D0019AB7F /* OrderItemsListViewModel.swift in Sources */ = {isa = PBXBuildFile; fileRef = FDFF2FE02B0DEF0D0019AB7F /* OrderItemsListViewModel.swift */; };
		FDFF2FE32B0DF3470019AB7F /* Alert.swift in Sources */ = {isa = PBXBuildFile; fileRef = FDFF2FE22B0DF3470019AB7F /* Alert.swift */; };
		FDFF2FE52B0DFAE90019AB7F /* LoadingView.swift in Sources */ = {isa = PBXBuildFile; fileRef = FDFF2FE42B0DFAE90019AB7F /* LoadingView.swift */; };
		FDFF2FE72B0DFC020019AB7F /* Color+Ext.swift in Sources */ = {isa = PBXBuildFile; fileRef = FDFF2FE62B0DFC020019AB7F /* Color+Ext.swift */; };
		FDFF2FE92B0E09460019AB7F /* RemoteImage.swift in Sources */ = {isa = PBXBuildFile; fileRef = FDFF2FE82B0E09460019AB7F /* RemoteImage.swift */; };
		FDFF2FF82B0E1A1A0019AB7F /* OrderItemDetailView.swift in Sources */ = {isa = PBXBuildFile; fileRef = FDFF2FF72B0E1A1A0019AB7F /* OrderItemDetailView.swift */; };
/* End PBXBuildFile section */

/* Begin PBXFileReference section */
		FD107A072B1F51410082CD64 /* CustomModifiers.swift */ = {isa = PBXFileReference; lastKnownFileType = sourcecode.swift; path = CustomModifiers.swift; sourceTree = "<group>"; };
		FD1FF2C12B0CB6D2004E7DCB /* OrderItemListCell.swift */ = {isa = PBXFileReference; lastKnownFileType = sourcecode.swift; path = OrderItemListCell.swift; sourceTree = "<group>"; };
		FD1FF2C32B0CB894004E7DCB /* NetworkManager.swift */ = {isa = PBXFileReference; lastKnownFileType = sourcecode.swift; path = NetworkManager.swift; sourceTree = "<group>"; };
		FD1FF2C52B0CB9FE004E7DCB /* OIError.swift */ = {isa = PBXFileReference; lastKnownFileType = sourcecode.swift; path = OIError.swift; sourceTree = "<group>"; };
		FD26EC662B0FA52E0037B47A /* User.swift */ = {isa = PBXFileReference; lastKnownFileType = sourcecode.swift; path = User.swift; sourceTree = "<group>"; };
		FD43EC332B0CADA800137643 /* OrderItem.swift */ = {isa = PBXFileReference; lastKnownFileType = sourcecode.swift; path = OrderItem.swift; sourceTree = "<group>"; };
		FD744C882B1E513900EE62B8 /* EmptyState.swift */ = {isa = PBXFileReference; lastKnownFileType = sourcecode.swift; path = EmptyState.swift; sourceTree = "<group>"; };
		FD744C8A2B1E554400EE62B8 /* Order.swift */ = {isa = PBXFileReference; lastKnownFileType = sourcecode.swift; path = Order.swift; sourceTree = "<group>"; };
		FDB628232B0B837E00124EE1 /* Food_Order_AppListView.swift */ = {isa = PBXFileReference; lastKnownFileType = sourcecode.swift; path = Food_Order_AppListView.swift; sourceTree = "<group>"; };
		FDB628252B0B839100124EE1 /* AccountView.swift */ = {isa = PBXFileReference; lastKnownFileType = sourcecode.swift; path = AccountView.swift; sourceTree = "<group>"; };
		FDB628272B0B83A700124EE1 /* OrderView.swift */ = {isa = PBXFileReference; lastKnownFileType = sourcecode.swift; path = OrderView.swift; sourceTree = "<group>"; };
		FDD9D0902B0B818F009AE601 /* Food_Order_App.app */ = {isa = PBXFileReference; explicitFileType = wrapper.application; includeInIndex = 0; path = Food_Order_App.app; sourceTree = BUILT_PRODUCTS_DIR; };
		FDD9D0932B0B818F009AE601 /* Food_Order_AppApp.swift */ = {isa = PBXFileReference; lastKnownFileType = sourcecode.swift; path = Food_Order_AppApp.swift; sourceTree = "<group>"; };
		FDD9D0952B0B818F009AE601 /* Food_Order_AppTabView.swift */ = {isa = PBXFileReference; lastKnownFileType = sourcecode.swift; path = Food_Order_AppTabView.swift; sourceTree = "<group>"; };
		FDD9D0972B0B8190009AE601 /* Assets.xcassets */ = {isa = PBXFileReference; lastKnownFileType = folder.assetcatalog; path = Assets.xcassets; sourceTree = "<group>"; };
		FDD9D09A2B0B8190009AE601 /* Preview Assets.xcassets */ = {isa = PBXFileReference; lastKnownFileType = folder.assetcatalog; path = "Preview Assets.xcassets"; sourceTree = "<group>"; };
		FDFEB3A42B0F51E2001AB5E8 /* OIButton.swift */ = {isa = PBXFileReference; lastKnownFileType = sourcecode.swift; path = OIButton.swift; sourceTree = "<group>"; };
		FDFEB3A62B0F52DF001AB5E8 /* XDismissedButton.swift */ = {isa = PBXFileReference; lastKnownFileType = sourcecode.swift; path = XDismissedButton.swift; sourceTree = "<group>"; };
		FDFEB3A82B0F6BF9001AB5E8 /* AccountViewModel.swift */ = {isa = PBXFileReference; lastKnownFileType = sourcecode.swift; path = AccountViewModel.swift; sourceTree = "<group>"; };
		FDFEB3AA2B0F6D76001AB5E8 /* String+Ext.swift */ = {isa = PBXFileReference; fileEncoding = 4; lastKnownFileType = sourcecode.swift; path = "String+Ext.swift"; sourceTree = "<group>"; };
		FDFF2FE02B0DEF0D0019AB7F /* OrderItemsListViewModel.swift */ = {isa = PBXFileReference; lastKnownFileType = sourcecode.swift; path = OrderItemsListViewModel.swift; sourceTree = "<group>"; };
		FDFF2FE22B0DF3470019AB7F /* Alert.swift */ = {isa = PBXFileReference; lastKnownFileType = sourcecode.swift; path = Alert.swift; sourceTree = "<group>"; };
		FDFF2FE42B0DFAE90019AB7F /* LoadingView.swift */ = {isa = PBXFileReference; lastKnownFileType = sourcecode.swift; path = LoadingView.swift; sourceTree = "<group>"; };
		FDFF2FE62B0DFC020019AB7F /* Color+Ext.swift */ = {isa = PBXFileReference; lastKnownFileType = sourcecode.swift; path = "Color+Ext.swift"; sourceTree = "<group>"; };
		FDFF2FE82B0E09460019AB7F /* RemoteImage.swift */ = {isa = PBXFileReference; lastKnownFileType = sourcecode.swift; path = RemoteImage.swift; sourceTree = "<group>"; };
		FDFF2FF72B0E1A1A0019AB7F /* OrderItemDetailView.swift */ = {isa = PBXFileReference; lastKnownFileType = sourcecode.swift; path = OrderItemDetailView.swift; sourceTree = "<group>"; };
/* End PBXFileReference section */

/* Begin PBXFrameworksBuildPhase section */
		FDD9D08D2B0B818F009AE601 /* Frameworks */ = {
			isa = PBXFrameworksBuildPhase;
			buildActionMask = 2147483647;
			files = (
			);
			runOnlyForDeploymentPostprocessing = 0;
		};
/* End PBXFrameworksBuildPhase section */

/* Begin PBXGroup section */
		FD744C872B1E511800EE62B8 /* Empty States */ = {
			isa = PBXGroup;
			children = (
				FD744C882B1E513900EE62B8 /* EmptyState.swift */,
			);
			path = "Empty States";
			sourceTree = "<group>";
		};
		FDD9D0872B0B818F009AE601 = {
			isa = PBXGroup;
			children = (
				FDD9D0922B0B818F009AE601 /* Food_Order_App */,
				FDD9D0912B0B818F009AE601 /* Products */,
			);
			sourceTree = "<group>";
		};
		FDD9D0912B0B818F009AE601 /* Products */ = {
			isa = PBXGroup;
			children = (
				FDD9D0902B0B818F009AE601 /* Food_Order_App.app */,
			);
			name = Products;
			sourceTree = "<group>";
		};
		FDD9D0922B0B818F009AE601 /* Food_Order_App */ = {
			isa = PBXGroup;
			children = (
				FDFF2FF22B0E12980019AB7F /* Model */,
				FDFF2FEE2B0E12490019AB7F /* Utilities */,
				FDFF2FF32B0E12CC0019AB7F /* Views */,
				FDFF2FEA2B0E11C00019AB7F /* Screens */,
				FDD9D0932B0B818F009AE601 /* Food_Order_AppApp.swift */,
				FDD9D0972B0B8190009AE601 /* Assets.xcassets */,
				FDD9D0992B0B8190009AE601 /* Preview Content */,
			);
			path = Food_Order_App;
			sourceTree = "<group>";
		};
		FDD9D0992B0B8190009AE601 /* Preview Content */ = {
			isa = PBXGroup;
			children = (
				FDD9D09A2B0B8190009AE601 /* Preview Assets.xcassets */,
			);
			path = "Preview Content";
			sourceTree = "<group>";
		};
		FDFEB3A32B0F51CF001AB5E8 /* Buttons */ = {
			isa = PBXGroup;
			children = (
				FDFEB3A42B0F51E2001AB5E8 /* OIButton.swift */,
				FDFEB3A62B0F52DF001AB5E8 /* XDismissedButton.swift */,
			);
			path = Buttons;
			sourceTree = "<group>";
		};
		FDFF2FEA2B0E11C00019AB7F /* Screens */ = {
			isa = PBXGroup;
			children = (
				FDD9D0952B0B818F009AE601 /* Food_Order_AppTabView.swift */,
				FDFF2FED2B0E11F40019AB7F /* OrderView */,
				FDFF2FEC2B0E11EB0019AB7F /* AccountView */,
				FDFF2FEB2B0E11D30019AB7F /* OrderItemListView */,
			);
			path = Screens;
			sourceTree = "<group>";
		};
		FDFF2FEB2B0E11D30019AB7F /* OrderItemListView */ = {
			isa = PBXGroup;
			children = (
				FDB628232B0B837E00124EE1 /* Food_Order_AppListView.swift */,
				FDFF2FE02B0DEF0D0019AB7F /* OrderItemsListViewModel.swift */,
				FDFF2FF72B0E1A1A0019AB7F /* OrderItemDetailView.swift */,
			);
			path = OrderItemListView;
			sourceTree = "<group>";
		};
		FDFF2FEC2B0E11EB0019AB7F /* AccountView */ = {
			isa = PBXGroup;
			children = (
				FDB628252B0B839100124EE1 /* AccountView.swift */,
				FDFEB3A82B0F6BF9001AB5E8 /* AccountViewModel.swift */,
			);
			path = AccountView;
			sourceTree = "<group>";
		};
		FDFF2FED2B0E11F40019AB7F /* OrderView */ = {
			isa = PBXGroup;
			children = (
				FDB628272B0B83A700124EE1 /* OrderView.swift */,
			);
			path = OrderView;
			sourceTree = "<group>";
		};
		FDFF2FEE2B0E12490019AB7F /* Utilities */ = {
			isa = PBXGroup;
			children = (
				FDFF2FF12B0E127B0019AB7F /* Alerts */,
				FDFF2FF02B0E125C0019AB7F /* Extensions */,
				FDFF2FEF2B0E12530019AB7F /* Managers */,
			);
			path = Utilities;
			sourceTree = "<group>";
		};
		FDFF2FEF2B0E12530019AB7F /* Managers */ = {
			isa = PBXGroup;
			children = (
				FD1FF2C32B0CB894004E7DCB /* NetworkManager.swift */,
			);
			path = Managers;
			sourceTree = "<group>";
		};
		FDFF2FF02B0E125C0019AB7F /* Extensions */ = {
			isa = PBXGroup;
			children = (
				FDFF2FE62B0DFC020019AB7F /* Color+Ext.swift */,
				FDFEB3AA2B0F6D76001AB5E8 /* String+Ext.swift */,
			);
			path = Extensions;
			sourceTree = "<group>";
		};
		FDFF2FF12B0E127B0019AB7F /* Alerts */ = {
			isa = PBXGroup;
			children = (
				FD1FF2C52B0CB9FE004E7DCB /* OIError.swift */,
				FDFF2FE22B0DF3470019AB7F /* Alert.swift */,
			);
			path = Alerts;
			sourceTree = "<group>";
		};
		FDFF2FF22B0E12980019AB7F /* Model */ = {
			isa = PBXGroup;
			children = (
				FD43EC332B0CADA800137643 /* OrderItem.swift */,
				FD26EC662B0FA52E0037B47A /* User.swift */,
				FD744C8A2B1E554400EE62B8 /* Order.swift */,
			);
			path = Model;
			sourceTree = "<group>";
		};
		FDFF2FF32B0E12CC0019AB7F /* Views */ = {
			isa = PBXGroup;
			children = (
				FD744C872B1E511800EE62B8 /* Empty States */,
				FDFEB3A32B0F51CF001AB5E8 /* Buttons */,
				FDFF2FF62B0E12EA0019AB7F /* Image */,
				FDFF2FF52B0E12E20019AB7F /* Cells */,
				FDFF2FF42B0E12D30019AB7F /* UIKit Components */,
				FD107A072B1F51410082CD64 /* CustomModifiers.swift */,
			);
			path = Views;
			sourceTree = "<group>";
		};
		FDFF2FF42B0E12D30019AB7F /* UIKit Components */ = {
			isa = PBXGroup;
			children = (
				FDFF2FE42B0DFAE90019AB7F /* LoadingView.swift */,
			);
			path = "UIKit Components";
			sourceTree = "<group>";
		};
		FDFF2FF52B0E12E20019AB7F /* Cells */ = {
			isa = PBXGroup;
			children = (
				FD1FF2C12B0CB6D2004E7DCB /* OrderItemListCell.swift */,
			);
			path = Cells;
			sourceTree = "<group>";
		};
		FDFF2FF62B0E12EA0019AB7F /* Image */ = {
			isa = PBXGroup;
			children = (
				FDFF2FE82B0E09460019AB7F /* RemoteImage.swift */,
			);
			path = Image;
			sourceTree = "<group>";
		};
/* End PBXGroup section */

/* Begin PBXNativeTarget section */
		FDD9D08F2B0B818F009AE601 /* Food_Order_App */ = {
			isa = PBXNativeTarget;
			buildConfigurationList = FDD9D09E2B0B8190009AE601 /* Build configuration list for PBXNativeTarget "Food_Order_App" */;
			buildPhases = (
				FDD9D08C2B0B818F009AE601 /* Sources */,
				FDD9D08D2B0B818F009AE601 /* Frameworks */,
				FDD9D08E2B0B818F009AE601 /* Resources */,
			);
			buildRules = (
			);
			dependencies = (
			);
			name = Food_Order_App;
			productName = Food_Order_App;
			productReference = FDD9D0902B0B818F009AE601 /* Food_Order_App.app */;
			productType = "com.apple.product-type.application";
		};
/* End PBXNativeTarget section */

/* Begin PBXProject section */
		FDD9D0882B0B818F009AE601 /* Project object */ = {
			isa = PBXProject;
			attributes = {
				BuildIndependentTargetsInParallel = 1;
				LastSwiftUpdateCheck = 1500;
				LastUpgradeCheck = 1500;
				TargetAttributes = {
					FDD9D08F2B0B818F009AE601 = {
						CreatedOnToolsVersion = 15.0.1;
					};
				};
			};
			buildConfigurationList = FDD9D08B2B0B818F009AE601 /* Build configuration list for PBXProject "Food_Order_App" */;
			compatibilityVersion = "Xcode 14.0";
			developmentRegion = en;
			hasScannedForEncodings = 0;
			knownRegions = (
				en,
				Base,
			);
			mainGroup = FDD9D0872B0B818F009AE601;
			productRefGroup = FDD9D0912B0B818F009AE601 /* Products */;
			projectDirPath = "";
			projectRoot = "";
			targets = (
				FDD9D08F2B0B818F009AE601 /* Food_Order_App */,
			);
		};
/* End PBXProject section */

/* Begin PBXResourcesBuildPhase section */
		FDD9D08E2B0B818F009AE601 /* Resources */ = {
			isa = PBXResourcesBuildPhase;
			buildActionMask = 2147483647;
			files = (
				FDD9D09B2B0B8190009AE601 /* Preview Assets.xcassets in Resources */,
				FDD9D0982B0B8190009AE601 /* Assets.xcassets in Resources */,
			);
			runOnlyForDeploymentPostprocessing = 0;
		};
/* End PBXResourcesBuildPhase section */

/* Begin PBXSourcesBuildPhase section */
		FDD9D08C2B0B818F009AE601 /* Sources */ = {
			isa = PBXSourcesBuildPhase;
			buildActionMask = 2147483647;
			files = (
				FDB628262B0B839100124EE1 /* AccountView.swift in Sources */,
				FD1FF2C22B0CB6D2004E7DCB /* OrderItemListCell.swift in Sources */,
				FDD9D0962B0B818F009AE601 /* Food_Order_AppTabView.swift in Sources */,
				FDB628242B0B837E00124EE1 /* Food_Order_AppListView.swift in Sources */,
				FD744C8B2B1E554400EE62B8 /* Order.swift in Sources */,
				FDFEB3A92B0F6BF9001AB5E8 /* AccountViewModel.swift in Sources */,
				FDFF2FE72B0DFC020019AB7F /* Color+Ext.swift in Sources */,
				FD1FF2C42B0CB894004E7DCB /* NetworkManager.swift in Sources */,
				FDFF2FE52B0DFAE90019AB7F /* LoadingView.swift in Sources */,
				FD26EC672B0FA52E0037B47A /* User.swift in Sources */,
				FDD9D0942B0B818F009AE601 /* Food_Order_AppApp.swift in Sources */,
				FDFF2FF82B0E1A1A0019AB7F /* OrderItemDetailView.swift in Sources */,
				FDFF2FE12B0DEF0D0019AB7F /* OrderItemsListViewModel.swift in Sources */,
				FDFEB3A72B0F52DF001AB5E8 /* XDismissedButton.swift in Sources */,
				FDFF2FE92B0E09460019AB7F /* RemoteImage.swift in Sources */,
				FDFEB3AB2B0F6D76001AB5E8 /* String+Ext.swift in Sources */,
				FD744C892B1E513900EE62B8 /* EmptyState.swift in Sources */,
				FDB628282B0B83A700124EE1 /* OrderView.swift in Sources */,
				FDFF2FE32B0DF3470019AB7F /* Alert.swift in Sources */,
				FDFEB3A52B0F51E2001AB5E8 /* OIButton.swift in Sources */,
				FD107A082B1F51410082CD64 /* CustomModifiers.swift in Sources */,
				FD43EC342B0CADA800137643 /* OrderItem.swift in Sources */,
				FD1FF2C62B0CB9FE004E7DCB /* OIError.swift in Sources */,
			);
			runOnlyForDeploymentPostprocessing = 0;
		};
/* End PBXSourcesBuildPhase section */

/* Begin XCBuildConfiguration section */
		FDD9D09C2B0B8190009AE601 /* Debug */ = {
			isa = XCBuildConfiguration;
			buildSettings = {
				ALWAYS_SEARCH_USER_PATHS = NO;
				ASSETCATALOG_COMPILER_GENERATE_SWIFT_ASSET_SYMBOL_EXTENSIONS = YES;
				CLANG_ANALYZER_NONNULL = YES;
				CLANG_ANALYZER_NUMBER_OBJECT_CONVERSION = YES_AGGRESSIVE;
				CLANG_CXX_LANGUAGE_STANDARD = "gnu++20";
				CLANG_ENABLE_MODULES = YES;
				CLANG_ENABLE_OBJC_ARC = YES;
				CLANG_ENABLE_OBJC_WEAK = YES;
				CLANG_WARN_BLOCK_CAPTURE_AUTORELEASING = YES;
				CLANG_WARN_BOOL_CONVERSION = YES;
				CLANG_WARN_COMMA = YES;
				CLANG_WARN_CONSTANT_CONVERSION = YES;
				CLANG_WARN_DEPRECATED_OBJC_IMPLEMENTATIONS = YES;
				CLANG_WARN_DIRECT_OBJC_ISA_USAGE = YES_ERROR;
				CLANG_WARN_DOCUMENTATION_COMMENTS = YES;
				CLANG_WARN_EMPTY_BODY = YES;
				CLANG_WARN_ENUM_CONVERSION = YES;
				CLANG_WARN_INFINITE_RECURSION = YES;
				CLANG_WARN_INT_CONVERSION = YES;
				CLANG_WARN_NON_LITERAL_NULL_CONVERSION = YES;
				CLANG_WARN_OBJC_IMPLICIT_RETAIN_SELF = YES;
				CLANG_WARN_OBJC_LITERAL_CONVERSION = YES;
				CLANG_WARN_OBJC_ROOT_CLASS = YES_ERROR;
				CLANG_WARN_QUOTED_INCLUDE_IN_FRAMEWORK_HEADER = YES;
				CLANG_WARN_RANGE_LOOP_ANALYSIS = YES;
				CLANG_WARN_STRICT_PROTOTYPES = YES;
				CLANG_WARN_SUSPICIOUS_MOVE = YES;
				CLANG_WARN_UNGUARDED_AVAILABILITY = YES_AGGRESSIVE;
				CLANG_WARN_UNREACHABLE_CODE = YES;
				CLANG_WARN__DUPLICATE_METHOD_MATCH = YES;
				COPY_PHASE_STRIP = NO;
				DEBUG_INFORMATION_FORMAT = dwarf;
				ENABLE_STRICT_OBJC_MSGSEND = YES;
				ENABLE_TESTABILITY = YES;
				ENABLE_USER_SCRIPT_SANDBOXING = YES;
				GCC_C_LANGUAGE_STANDARD = gnu17;
				GCC_DYNAMIC_NO_PIC = NO;
				GCC_NO_COMMON_BLOCKS = YES;
				GCC_OPTIMIZATION_LEVEL = 0;
				GCC_PREPROCESSOR_DEFINITIONS = (
					"DEBUG=1",
					"$(inherited)",
				);
				GCC_WARN_64_TO_32_BIT_CONVERSION = YES;
				GCC_WARN_ABOUT_RETURN_TYPE = YES_ERROR;
				GCC_WARN_UNDECLARED_SELECTOR = YES;
				GCC_WARN_UNINITIALIZED_AUTOS = YES_AGGRESSIVE;
				GCC_WARN_UNUSED_FUNCTION = YES;
				GCC_WARN_UNUSED_VARIABLE = YES;
				IPHONEOS_DEPLOYMENT_TARGET = 17.0;
				LOCALIZATION_PREFERS_STRING_CATALOGS = YES;
				MTL_ENABLE_DEBUG_INFO = INCLUDE_SOURCE;
				MTL_FAST_MATH = YES;
				ONLY_ACTIVE_ARCH = YES;
				SDKROOT = iphoneos;
				SWIFT_ACTIVE_COMPILATION_CONDITIONS = "DEBUG $(inherited)";
				SWIFT_OPTIMIZATION_LEVEL = "-Onone";
			};
			name = Debug;
		};
		FDD9D09D2B0B8190009AE601 /* Release */ = {
			isa = XCBuildConfiguration;
			buildSettings = {
				ALWAYS_SEARCH_USER_PATHS = NO;
				ASSETCATALOG_COMPILER_GENERATE_SWIFT_ASSET_SYMBOL_EXTENSIONS = YES;
				CLANG_ANALYZER_NONNULL = YES;
				CLANG_ANALYZER_NUMBER_OBJECT_CONVERSION = YES_AGGRESSIVE;
				CLANG_CXX_LANGUAGE_STANDARD = "gnu++20";
				CLANG_ENABLE_MODULES = YES;
				CLANG_ENABLE_OBJC_ARC = YES;
				CLANG_ENABLE_OBJC_WEAK = YES;
				CLANG_WARN_BLOCK_CAPTURE_AUTORELEASING = YES;
				CLANG_WARN_BOOL_CONVERSION = YES;
				CLANG_WARN_COMMA = YES;
				CLANG_WARN_CONSTANT_CONVERSION = YES;
				CLANG_WARN_DEPRECATED_OBJC_IMPLEMENTATIONS = YES;
				CLANG_WARN_DIRECT_OBJC_ISA_USAGE = YES_ERROR;
				CLANG_WARN_DOCUMENTATION_COMMENTS = YES;
				CLANG_WARN_EMPTY_BODY = YES;
				CLANG_WARN_ENUM_CONVERSION = YES;
				CLANG_WARN_INFINITE_RECURSION = YES;
				CLANG_WARN_INT_CONVERSION = YES;
				CLANG_WARN_NON_LITERAL_NULL_CONVERSION = YES;
				CLANG_WARN_OBJC_IMPLICIT_RETAIN_SELF = YES;
				CLANG_WARN_OBJC_LITERAL_CONVERSION = YES;
				CLANG_WARN_OBJC_ROOT_CLASS = YES_ERROR;
				CLANG_WARN_QUOTED_INCLUDE_IN_FRAMEWORK_HEADER = YES;
				CLANG_WARN_RANGE_LOOP_ANALYSIS = YES;
				CLANG_WARN_STRICT_PROTOTYPES = YES;
				CLANG_WARN_SUSPICIOUS_MOVE = YES;
				CLANG_WARN_UNGUARDED_AVAILABILITY = YES_AGGRESSIVE;
				CLANG_WARN_UNREACHABLE_CODE = YES;
				CLANG_WARN__DUPLICATE_METHOD_MATCH = YES;
				COPY_PHASE_STRIP = NO;
				DEBUG_INFORMATION_FORMAT = "dwarf-with-dsym";
				ENABLE_NS_ASSERTIONS = NO;
				ENABLE_STRICT_OBJC_MSGSEND = YES;
				ENABLE_USER_SCRIPT_SANDBOXING = YES;
				GCC_C_LANGUAGE_STANDARD = gnu17;
				GCC_NO_COMMON_BLOCKS = YES;
				GCC_WARN_64_TO_32_BIT_CONVERSION = YES;
				GCC_WARN_ABOUT_RETURN_TYPE = YES_ERROR;
				GCC_WARN_UNDECLARED_SELECTOR = YES;
				GCC_WARN_UNINITIALIZED_AUTOS = YES_AGGRESSIVE;
				GCC_WARN_UNUSED_FUNCTION = YES;
				GCC_WARN_UNUSED_VARIABLE = YES;
				IPHONEOS_DEPLOYMENT_TARGET = 17.0;
				LOCALIZATION_PREFERS_STRING_CATALOGS = YES;
				MTL_ENABLE_DEBUG_INFO = NO;
				MTL_FAST_MATH = YES;
				SDKROOT = iphoneos;
				SWIFT_COMPILATION_MODE = wholemodule;
				VALIDATE_PRODUCT = YES;
			};
			name = Release;
		};
		FDD9D09F2B0B8190009AE601 /* Debug */ = {
			isa = XCBuildConfiguration;
			buildSettings = {
				ASSETCATALOG_COMPILER_APPICON_NAME = AppIcon;
				ASSETCATALOG_COMPILER_GLOBAL_ACCENT_COLOR_NAME = AccentColor;
				CODE_SIGN_STYLE = Automatic;
				CURRENT_PROJECT_VERSION = 1;
				DEVELOPMENT_ASSET_PATHS = "\"Food_Order_App/Preview Content\"";
				DEVELOPMENT_TEAM = 6A3JRSYMQT;
				ENABLE_PREVIEWS = YES;
				GENERATE_INFOPLIST_FILE = YES;
				INFOPLIST_KEY_UIApplicationSceneManifest_Generation = YES;
				INFOPLIST_KEY_UIApplicationSupportsIndirectInputEvents = YES;
				INFOPLIST_KEY_UILaunchScreen_Generation = YES;
				INFOPLIST_KEY_UISupportedInterfaceOrientations_iPad = "UIInterfaceOrientationPortrait UIInterfaceOrientationPortraitUpsideDown UIInterfaceOrientationLandscapeLeft UIInterfaceOrientationLandscapeRight";
				INFOPLIST_KEY_UISupportedInterfaceOrientations_iPhone = "UIInterfaceOrientationPortrait UIInterfaceOrientationLandscapeLeft UIInterfaceOrientationLandscapeRight";
				LD_RUNPATH_SEARCH_PATHS = (
					"$(inherited)",
					"@executable_path/Frameworks",
				);
				MARKETING_VERSION = 1.0;
				PRODUCT_BUNDLE_IDENTIFIER = "hardac.co.Food-Order-App";
				PRODUCT_NAME = "$(TARGET_NAME)";
				SWIFT_EMIT_LOC_STRINGS = YES;
				SWIFT_VERSION = 5.0;
				TARGETED_DEVICE_FAMILY = "1,2";
			};
			name = Debug;
		};
		FDD9D0A02B0B8190009AE601 /* Release */ = {
			isa = XCBuildConfiguration;
			buildSettings = {
				ASSETCATALOG_COMPILER_APPICON_NAME = AppIcon;
				ASSETCATALOG_COMPILER_GLOBAL_ACCENT_COLOR_NAME = AccentColor;
				CODE_SIGN_STYLE = Automatic;
				CURRENT_PROJECT_VERSION = 1;
				DEVELOPMENT_ASSET_PATHS = "\"Food_Order_App/Preview Content\"";
				DEVELOPMENT_TEAM = 6A3JRSYMQT;
				ENABLE_PREVIEWS = YES;
				GENERATE_INFOPLIST_FILE = YES;
				INFOPLIST_KEY_UIApplicationSceneManifest_Generation = YES;
				INFOPLIST_KEY_UIApplicationSupportsIndirectInputEvents = YES;
				INFOPLIST_KEY_UILaunchScreen_Generation = YES;
				INFOPLIST_KEY_UISupportedInterfaceOrientations_iPad = "UIInterfaceOrientationPortrait UIInterfaceOrientationPortraitUpsideDown UIInterfaceOrientationLandscapeLeft UIInterfaceOrientationLandscapeRight";
				INFOPLIST_KEY_UISupportedInterfaceOrientations_iPhone = "UIInterfaceOrientationPortrait UIInterfaceOrientationLandscapeLeft UIInterfaceOrientationLandscapeRight";
				LD_RUNPATH_SEARCH_PATHS = (
					"$(inherited)",
					"@executable_path/Frameworks",
				);
				MARKETING_VERSION = 1.0;
				PRODUCT_BUNDLE_IDENTIFIER = "hardac.co.Food-Order-App";
				PRODUCT_NAME = "$(TARGET_NAME)";
				SWIFT_EMIT_LOC_STRINGS = YES;
				SWIFT_VERSION = 5.0;
				TARGETED_DEVICE_FAMILY = "1,2";
			};
			name = Release;
		};
/* End XCBuildConfiguration section */

/* Begin XCConfigurationList section */
		FDD9D08B2B0B818F009AE601 /* Build configuration list for PBXProject "Food_Order_App" */ = {
			isa = XCConfigurationList;
			buildConfigurations = (
				FDD9D09C2B0B8190009AE601 /* Debug */,
				FDD9D09D2B0B8190009AE601 /* Release */,
			);
			defaultConfigurationIsVisible = 0;
			defaultConfigurationName = Release;
		};
		FDD9D09E2B0B8190009AE601 /* Build configuration list for PBXNativeTarget "Food_Order_App" */ = {
			isa = XCConfigurationList;
			buildConfigurations = (
				FDD9D09F2B0B8190009AE601 /* Debug */,
				FDD9D0A02B0B8190009AE601 /* Release */,
			);
			defaultConfigurationIsVisible = 0;
			defaultConfigurationName = Release;
		};
/* End XCConfigurationList section */
	};
	rootObject = FDD9D0882B0B818F009AE601 /* Project object */;
}
